{
  "name": "@hyrious/utils",
  "version": "0.1.0",
  "lockfileVersion": 3,
  "requires": true,
  "packages": {
    "": {
      "name": "@hyrious/utils",
      "version": "0.1.0",
      "license": "MIT",
      "devDependencies": {
        "@hyrious/configs": "^0.1.3"
      }
    },
    "node_modules/@hyrious/configs": {
      "version": "0.1.3",
      "resolved": "https://registry.npmjs.org/@hyrious/configs/-/configs-0.1.3.tgz",
      "integrity": "sha512-ed0o41zvsUpLCNo7IeltITZQd0e12HvK3DnRCX36evGYA+d/44bKFT6rzWufQaDLyyME7XJd8C6MqdUdM/K5zA==",
      "dev": true,
      "license": "MIT"
    }
  }
}
