lockfileVersion: '9.0'

settings:
  autoInstallPeers: true
  excludeLinksFromLockfile: false

pnpmfileChecksum: sha256-1AZ7IYsOcNT3qnTTrMZZrNcXwrMCEjWtrwDoh1lposw=

importers:

  .:
    devDependencies:
      '@hyrious/configs':
        specifier: ^0.1.5
        version: 0.1.5
      '@types/node':
        specifier: ^24.10.4
        version: 24.10.4

packages:

  '@hyrious/configs@0.1.5':
    resolution: {integrity: sha512-FGNbS8NjR8T8OcsNpSSSlSngymekNd3Sa5qEcYTELsX3eNTt4CAB12cSkNDo3bO0tGsvUJ0Au8mcx3VVCJsNQg==}

  '@types/node@24.10.4':
    resolution: {integrity: sha512-vnDVpYPMzs4wunl27jHrfmwojOGKya0xyM3sH+UE5iv5uPS6vX7UIoh6m+vQc5LGBq52HBKPIn/zcSZVzeDEZg==}

  undici-types@7.16.0:
    resolution: {integrity: sha512-Zz+aZWSj8LE6zoxD+xrjh4VfkIG8Ya6LvYkZqtUQGJPZjYl53ypCaUwWqo7eI0x66KBGeRo+mlBEkMSeSZ38Nw==}

snapshots:

  '@hyrious/configs@0.1.5': {}

  '@types/node@24.10.4':
    dependencies:
      undici-types: 7.16.0

  undici-types@7.16.0: {}
